
Microsoft Visual Studio Solution File, Format Version 12.00
# Visual Studio 15
VisualStudioVersion = 15.0.26430.6
MinimumVisualStudioVersion = 10.0.40219.1
Project("{FAE04EC0-301F-11D3-BF4B-00C04F79EFBC}") = "EditoraCrescer.Infraesturtura", "EditoraCrescer.Infraesturtura\EditoraCrescer.Infraesturtura.csproj", "{4C69E45C-DFAF-46EE-AFB6-E41C01973FC2}"
EndProject
Project("{FAE04EC0-301F-11D3-BF4B-00C04F79EFBC}") = "ConsoleApplicationTeste", "ConsoleApplicationTeste\ConsoleApplicationTeste.csproj", "{B5054C30-D16E-475D-82FA-B0E029B6FCF7}"
EndProject
Global
	GlobalSection(SolutionConfigurationPlatforms) = preSolution
		Debug|Any CPU = Debug|Any CPU
		Release|Any CPU = Release|Any CPU
	EndGlobalSection
	GlobalSection(ProjectConfigurationPlatforms) = postSolution
		{4C69E45C-DFAF-46EE-AFB6-E41C01973FC2}.Debug|Any CPU.ActiveCfg = Debug|Any CPU
		{4C69E45C-DFAF-46EE-AFB6-E41C01973FC2}.Debug|Any CPU.Build.0 = Debug|Any CPU
		{4C69E45C-DFAF-46EE-AFB6-E41C01973FC2}.Release|Any CPU.ActiveCfg = Release|Any CPU
		{4C69E45C-DFAF-46EE-AFB6-E41C01973FC2}.Release|Any CPU.Build.0 = Release|Any CPU
		{B5054C30-D16E-475D-82FA-B0E029B6FCF7}.Debug|Any CPU.ActiveCfg = Debug|Any CPU
		{B5054C30-D16E-475D-82FA-B0E029B6FCF7}.Debug|Any CPU.Build.0 = Debug|Any CPU
		{B5054C30-D16E-475D-82FA-B0E029B6FCF7}.Release|Any CPU.ActiveCfg = Release|Any CPU
		{B5054C30-D16E-475D-82FA-B0E029B6FCF7}.Release|Any CPU.Build.0 = Release|Any CPU
	EndGlobalSection
	GlobalSection(SolutionProperties) = preSolution
		HideSolutionNode = FALSE
	EndGlobalSection
EndGlobal
