
Microsoft Visual Studio Solution File, Format Version 12.00
# Visual Studio 15
VisualStudioVersion = 15.0.26430.6
MinimumVisualStudioVersion = 10.0.40219.1
Project("{FAE04EC0-301F-11D3-BF4B-00C04F79EFBC}") = "LocadoraCrescer.Infraestrutura", "LocadoraCrescer.Infraestrutura\LocadoraCrescer.Infraestrutura.csproj", "{93814F4F-4AF6-4A70-A4EE-BA752A24C639}"
EndProject
Project("{FAE04EC0-301F-11D3-BF4B-00C04F79EFBC}") = "LocadoraCrescer.Dominio", "Dominio\LocadoraCrescer.Dominio.csproj", "{3172DBCB-D9B2-476D-B96A-C0E9F143A664}"
EndProject
Project("{FAE04EC0-301F-11D3-BF4B-00C04F79EFBC}") = "LocadoraCrescer.Dominio.UnitTest", "LocadoraCrescer.Dominio.UnitTest\LocadoraCrescer.Dominio.UnitTest.csproj", "{723C3FDD-0068-44F7-BCC1-75930965B644}"
EndProject
Global
	GlobalSection(SolutionConfigurationPlatforms) = preSolution
		Debug|Any CPU = Debug|Any CPU
		Release|Any CPU = Release|Any CPU
	EndGlobalSection
	GlobalSection(ProjectConfigurationPlatforms) = postSolution
		{93814F4F-4AF6-4A70-A4EE-BA752A24C639}.Debug|Any CPU.ActiveCfg = Debug|Any CPU
		{93814F4F-4AF6-4A70-A4EE-BA752A24C639}.Debug|Any CPU.Build.0 = Debug|Any CPU
		{93814F4F-4AF6-4A70-A4EE-BA752A24C639}.Release|Any CPU.ActiveCfg = Release|Any CPU
		{93814F4F-4AF6-4A70-A4EE-BA752A24C639}.Release|Any CPU.Build.0 = Release|Any CPU
		{3172DBCB-D9B2-476D-B96A-C0E9F143A664}.Debug|Any CPU.ActiveCfg = Debug|Any CPU
		{3172DBCB-D9B2-476D-B96A-C0E9F143A664}.Debug|Any CPU.Build.0 = Debug|Any CPU
		{3172DBCB-D9B2-476D-B96A-C0E9F143A664}.Release|Any CPU.ActiveCfg = Release|Any CPU
		{3172DBCB-D9B2-476D-B96A-C0E9F143A664}.Release|Any CPU.Build.0 = Release|Any CPU
		{723C3FDD-0068-44F7-BCC1-75930965B644}.Debug|Any CPU.ActiveCfg = Debug|Any CPU
		{723C3FDD-0068-44F7-BCC1-75930965B644}.Debug|Any CPU.Build.0 = Debug|Any CPU
		{723C3FDD-0068-44F7-BCC1-75930965B644}.Release|Any CPU.ActiveCfg = Release|Any CPU
		{723C3FDD-0068-44F7-BCC1-75930965B644}.Release|Any CPU.Build.0 = Release|Any CPU
	EndGlobalSection
	GlobalSection(SolutionProperties) = preSolution
		HideSolutionNode = FALSE
	EndGlobalSection
EndGlobal
